{
  "object": {
    "pins": [
      {
        "package": "Nimble",
        "repositoryURL": "https://github.com/Quick/Nimble.git",
        "state": {
          "branch": null,
          "revision": "22800b0954c89344bb8c87f8ab93378076716fb7",
          "version": "7.0.3"
        }
      },
      {
        "package": "Quick",
        "repositoryURL": "https://github.com/Quick/Quick.git",
        "state": {
          "branch": null,
          "revision": "0ff81f2c665b4381f526bd656f8708dd52a9ea2f",
          "version": "1.2.0"
        }
      },
      {
        "package": "Socket",
        "repositoryURL": "https://github.com/IBM-Swift/BlueSocket.git",
        "state": {
          "branch": null,
<<<<<<< HEAD
          "revision": "15ad09461f19a993fe5efb0e42b323adafc3533d",
          "version": "0.12.83"
=======
          "revision": "97e89dce2f63a6f330b51a9c67806d303aa202d8",
          "version": "0.12.85"
>>>>>>> rearrange Targets
        }
      }
    ]
  },
  "version": 1
}
